{
  "name": "antispreco-app",
  "lockfileVersion": 3,
  "requires": true,
  "packages": {
    "": {
      "dependencies": {
        "bootswatch": "^5.3.8"
      }
    },
    "node_modules/bootswatch": {
      "version": "5.3.8",
      "resolved": "https://registry.npmjs.org/bootswatch/-/bootswatch-5.3.8.tgz",
      "integrity": "sha512-88mnH9tv+x6DV+scBxYFOpM4YSDVhyfEgbhqaEfvkHNctKI9qRcACxIP9nmBZ5mSeLXtsgax1VsRkUs1eWjlAQ==",
      "license": "MIT"
    }
  }
}
